
Microsoft Visual Studio Solution File, Format Version 12.00
# Visual Studio Version 16
VisualStudioVersion = 16.0.31702.278
MinimumVisualStudioVersion = 10.0.40219.1
Project("{9A19103F-16F7-4668-BE54-9A1E7A4F7556}") = "AjaxSample.Core", "AjaxSample.Core\AjaxSample.Core.csproj", "{0B156924-3C7F-4865-8242-C2BEF57F36DE}"
EndProject
Project("{FAE04EC0-301F-11D3-BF4B-00C04F79EFBC}") = "AjaxSample.NetFramework", "AjaxSample.NetFramework\AjaxSample.NetFramework.csproj", "{7950AEB1-ACEE-4423-BD24-696D9B3E7215}"
EndProject
Project("{2150E333-8FDC-42A3-9474-1A3956D46DE8}") = "Documents", "Documents", "{209BCF37-136C-4CF2-AA12-0D72949E019C}"
	ProjectSection(SolutionItems) = preProject
		LICENSE = LICENSE
		README.md = README.md
	EndProjectSection
EndProject
Global
	GlobalSection(SolutionConfigurationPlatforms) = preSolution
		Debug|Any CPU = Debug|Any CPU
		Release|Any CPU = Release|Any CPU
	EndGlobalSection
	GlobalSection(ProjectConfigurationPlatforms) = postSolution
		{0B156924-3C7F-4865-8242-C2BEF57F36DE}.Debug|Any CPU.ActiveCfg = Debug|Any CPU
		{0B156924-3C7F-4865-8242-C2BEF57F36DE}.Debug|Any CPU.Build.0 = Debug|Any CPU
		{0B156924-3C7F-4865-8242-C2BEF57F36DE}.Release|Any CPU.ActiveCfg = Release|Any CPU
		{0B156924-3C7F-4865-8242-C2BEF57F36DE}.Release|Any CPU.Build.0 = Release|Any CPU
		{7950AEB1-ACEE-4423-BD24-696D9B3E7215}.Debug|Any CPU.ActiveCfg = Debug|Any CPU
		{7950AEB1-ACEE-4423-BD24-696D9B3E7215}.Debug|Any CPU.Build.0 = Debug|Any CPU
		{7950AEB1-ACEE-4423-BD24-696D9B3E7215}.Release|Any CPU.ActiveCfg = Release|Any CPU
		{7950AEB1-ACEE-4423-BD24-696D9B3E7215}.Release|Any CPU.Build.0 = Release|Any CPU
	EndGlobalSection
	GlobalSection(SolutionProperties) = preSolution
		HideSolutionNode = FALSE
	EndGlobalSection
	GlobalSection(ExtensibilityGlobals) = postSolution
		SolutionGuid = {E997E1A6-3E99-4763-B999-2CE3C1916573}
	EndGlobalSection
EndGlobal
